{
  "name": "pi5eme",
  "lockfileVersion": 3,
  "requires": true,
  "packages": {
    "": {
      "dependencies": {
        "prophet": "^0.1.1"
      }
    },
    "node_modules/prophet": {
      "version": "0.1.1",
      "resolved": "https://registry.npmjs.org/prophet/-/prophet-0.1.1.tgz",
      "integrity": "sha512-geJvrae+RhUGR3tuFuLkrzMB4kDOjzoK3MQovJNtyUEITOTqEnVEo8aP/tmqrqg96dX7FRZIGP50vmEC6j8u7w==",
      "engines": {
        "node": ">=0.6.9"
      }
    }
  }
}
